
Microsoft Visual Studio Solution File, Format Version 12.00
# Visual Studio Version 17
VisualStudioVersion = 17.10.35122.118
MinimumVisualStudioVersion = 10.0.40219.1
Project("{FAE04EC0-301F-11D3-BF4B-00C04F79EFBC}") = "ProyectoFinalUwU", "ProyectoFinalUwU\ProyectoFinalUwU.csproj", "{FD04F535-00FE-418D-85A4-21F8D76D4436}"
EndProject
Global
	GlobalSection(SolutionConfigurationPlatforms) = preSolution
		Debug|Any CPU = Debug|Any CPU
		Release|Any CPU = Release|Any CPU
	EndGlobalSection
	GlobalSection(ProjectConfigurationPlatforms) = postSolution
		{FD04F535-00FE-418D-85A4-21F8D76D4436}.Debug|Any CPU.ActiveCfg = Debug|Any CPU
		{FD04F535-00FE-418D-85A4-21F8D76D4436}.Debug|Any CPU.Build.0 = Debug|Any CPU
		{FD04F535-00FE-418D-85A4-21F8D76D4436}.Release|Any CPU.ActiveCfg = Release|Any CPU
		{FD04F535-00FE-418D-85A4-21F8D76D4436}.Release|Any CPU.Build.0 = Release|Any CPU
	EndGlobalSection
	GlobalSection(SolutionProperties) = preSolution
		HideSolutionNode = FALSE
	EndGlobalSection
	GlobalSection(ExtensibilityGlobals) = postSolution
		SolutionGuid = {19BB64A8-497C-4028-B757-3E92D4CA3698}
	EndGlobalSection
EndGlobal
